// !$*UTF8*$!
{
	archiveVersion = 1;
	classes = {
	};
	objectVersion = 56;
	objects = {

/* Begin PBXBuildFile section */
		CD81755E2A4AC2500023EA94 /* AppDelegate.swift in Sources */ = {isa = PBXBuildFile; fileRef = CD81755D2A4AC2500023EA94 /* AppDelegate.swift */; };
		CD8175602A4AC2500023EA94 /* SceneDelegate.swift in Sources */ = {isa = PBXBuildFile; fileRef = CD81755F2A4AC2500023EA94 /* SceneDelegate.swift */; };
		CD8175622A4AC2500023EA94 /* ViewController.swift in Sources */ = {isa = PBXBuildFile; fileRef = CD8175612A4AC2500023EA94 /* ViewController.swift */; };
		CD8175652A4AC2500023EA94 /* Main.storyboard in Resources */ = {isa = PBXBuildFile; fileRef = CD8175632A4AC2500023EA94 /* Main.storyboard */; };
		CD8175682A4AC2500023EA94 /* SSpaceX.xcdatamodeld in Sources */ = {isa = PBXBuildFile; fileRef = CD8175662A4AC2500023EA94 /* SSpaceX.xcdatamodeld */; };
		CD81756A2A4AC2520023EA94 /* Assets.xcassets in Resources */ = {isa = PBXBuildFile; fileRef = CD8175692A4AC2520023EA94 /* Assets.xcassets */; };
		CD81756D2A4AC2520023EA94 /* LaunchScreen.storyboard in Resources */ = {isa = PBXBuildFile; fileRef = CD81756B2A4AC2520023EA94 /* LaunchScreen.storyboard */; };
		CD8175782A4AC2530023EA94 /* SSpaceXTests.swift in Sources */ = {isa = PBXBuildFile; fileRef = CD8175772A4AC2530023EA94 /* SSpaceXTests.swift */; };
		CD8175822A4AC2530023EA94 /* SSpaceXUITests.swift in Sources */ = {isa = PBXBuildFile; fileRef = CD8175812A4AC2530023EA94 /* SSpaceXUITests.swift */; };
		CD8175842A4AC2530023EA94 /* SSpaceXUITestsLaunchTests.swift in Sources */ = {isa = PBXBuildFile; fileRef = CD8175832A4AC2530023EA94 /* SSpaceXUITestsLaunchTests.swift */; };
		CD81759D2A4AF2120023EA94 /* BaseCoordinate.swift in Sources */ = {isa = PBXBuildFile; fileRef = CD8175942A4AF2120023EA94 /* BaseCoordinate.swift */; };
		CD81759E2A4AF2120023EA94 /* BaseViewModel.swift in Sources */ = {isa = PBXBuildFile; fileRef = CD8175952A4AF2120023EA94 /* BaseViewModel.swift */; };
		CD81759F2A4AF2120023EA94 /* StoryBoardName.swift in Sources */ = {isa = PBXBuildFile; fileRef = CD8175962A4AF2120023EA94 /* StoryBoardName.swift */; };
		CD8175A02A4AF2120023EA94 /* UIView+Helper.swift in Sources */ = {isa = PBXBuildFile; fileRef = CD8175982A4AF2120023EA94 /* UIView+Helper.swift */; };
		CD8175A12A4AF2120023EA94 /* ExtensionTableView.swift in Sources */ = {isa = PBXBuildFile; fileRef = CD8175992A4AF2120023EA94 /* ExtensionTableView.swift */; };
		CD8175A22A4AF2120023EA94 /* Encodable+Helper.swift in Sources */ = {isa = PBXBuildFile; fileRef = CD81759A2A4AF2120023EA94 /* Encodable+Helper.swift */; };
		CD8175A32A4AF2120023EA94 /* AlertTemplate.swift in Sources */ = {isa = PBXBuildFile; fileRef = CD81759B2A4AF2120023EA94 /* AlertTemplate.swift */; };
		CD8175A42A4AF2120023EA94 /* InstantiateViewControllerType.swift in Sources */ = {isa = PBXBuildFile; fileRef = CD81759C2A4AF2120023EA94 /* InstantiateViewControllerType.swift */; };
		CD8175AA2A4AF23E0023EA94 /* ApiClientProtocol.swift in Sources */ = {isa = PBXBuildFile; fileRef = CD8175A62A4AF23E0023EA94 /* ApiClientProtocol.swift */; };
		CD8175AB2A4AF23E0023EA94 /* ApiURL.swift in Sources */ = {isa = PBXBuildFile; fileRef = CD8175A72A4AF23E0023EA94 /* ApiURL.swift */; };
		CD8175AC2A4AF23E0023EA94 /* MembershipRepository.swift in Sources */ = {isa = PBXBuildFile; fileRef = CD8175A82A4AF23E0023EA94 /* MembershipRepository.swift */; };
		CD8175AD2A4AF23E0023EA94 /* HTTPService.swift in Sources */ = {isa = PBXBuildFile; fileRef = CD8175A92A4AF23E0023EA94 /* HTTPService.swift */; };
		CD8175B12A4AFB490023EA94 /* MainViewController.swift in Sources */ = {isa = PBXBuildFile; fileRef = CD8175B02A4AFB490023EA94 /* MainViewController.swift */; };
		CD8175B32A4AFB5D0023EA94 /* MainViewModel.swift in Sources */ = {isa = PBXBuildFile; fileRef = CD8175B22A4AFB5D0023EA94 /* MainViewModel.swift */; };
		CD8175B52A4AFB7A0023EA94 /* MaInCoordinator.swift in Sources */ = {isa = PBXBuildFile; fileRef = CD8175B42A4AFB7A0023EA94 /* MaInCoordinator.swift */; };
		CD8175B82A4B57C00023EA94 /* MissionModel.swift in Sources */ = {isa = PBXBuildFile; fileRef = CD8175B72A4B57C00023EA94 /* MissionModel.swift */; };
		CD8175BA2A4B59A50023EA94 /* MissionRequestModel.swift in Sources */ = {isa = PBXBuildFile; fileRef = CD8175B92A4B59A50023EA94 /* MissionRequestModel.swift */; };
		CD8175BE2A4C133A0023EA94 /* MainTableViewCell.swift in Sources */ = {isa = PBXBuildFile; fileRef = CD8175BC2A4C133A0023EA94 /* MainTableViewCell.swift */; };
		CD8175BF2A4C133A0023EA94 /* MainTableViewCell.xib in Resources */ = {isa = PBXBuildFile; fileRef = CD8175BD2A4C133A0023EA94 /* MainTableViewCell.xib */; };
		CD8175C12A4C19CE0023EA94 /* ImageLoader.swift in Sources */ = {isa = PBXBuildFile; fileRef = CD8175C02A4C19CE0023EA94 /* ImageLoader.swift */; };
		CD8175C52A4C4A150023EA94 /* UIImage+Helper.swift in Sources */ = {isa = PBXBuildFile; fileRef = CD8175C42A4C4A150023EA94 /* UIImage+Helper.swift */; };
		CD8175CB2A4C4F1D0023EA94 /* DateFormatter+Helper.swift in Sources */ = {isa = PBXBuildFile; fileRef = CD8175CA2A4C4F1D0023EA94 /* DateFormatter+Helper.swift */; };
		CD8175CD2A4C4F7F0023EA94 /* Constant.swift in Sources */ = {isa = PBXBuildFile; fileRef = CD8175CC2A4C4F7F0023EA94 /* Constant.swift */; };
		CD8175D02A4C584F0023EA94 /* DetailsMissionCoordinator.swift in Sources */ = {isa = PBXBuildFile; fileRef = CD8175CF2A4C584F0023EA94 /* DetailsMissionCoordinator.swift */; };
		CD8175D22A4C58660023EA94 /* DetailsMissionViewModel.swift in Sources */ = {isa = PBXBuildFile; fileRef = CD8175D12A4C58660023EA94 /* DetailsMissionViewModel.swift */; };
		CD8175D42A4C587D0023EA94 /* DetailsMissionController.swift in Sources */ = {isa = PBXBuildFile; fileRef = CD8175D32A4C587D0023EA94 /* DetailsMissionController.swift */; };
		CD8175D62A4C58A70023EA94 /* DetailsMission.storyboard in Resources */ = {isa = PBXBuildFile; fileRef = CD8175D52A4C58A70023EA94 /* DetailsMission.storyboard */; };
		CD8175DA2A4CA9170023EA94 /* DetailsImageTableViewCell.swift in Sources */ = {isa = PBXBuildFile; fileRef = CD8175D82A4CA9170023EA94 /* DetailsImageTableViewCell.swift */; };
		CD8175DB2A4CA9170023EA94 /* DetailsImageTableViewCell.xib in Resources */ = {isa = PBXBuildFile; fileRef = CD8175D92A4CA9170023EA94 /* DetailsImageTableViewCell.xib */; };
		CD8175DE2A4CA9F00023EA94 /* DetailsTextTableViewCell.swift in Sources */ = {isa = PBXBuildFile; fileRef = CD8175DC2A4CA9F00023EA94 /* DetailsTextTableViewCell.swift */; };
		CD8175DF2A4CA9F00023EA94 /* DetailsTextTableViewCell.xib in Resources */ = {isa = PBXBuildFile; fileRef = CD8175DD2A4CA9F00023EA94 /* DetailsTextTableViewCell.xib */; };
		CD8175E22A4CAA5D0023EA94 /* DetailsSelectTableViewCell.swift in Sources */ = {isa = PBXBuildFile; fileRef = CD8175E02A4CAA5D0023EA94 /* DetailsSelectTableViewCell.swift */; };
		CD8175E32A4CAA5D0023EA94 /* DetailsSelectTableViewCell.xib in Resources */ = {isa = PBXBuildFile; fileRef = CD8175E12A4CAA5D0023EA94 /* DetailsSelectTableViewCell.xib */; };
		CDBB89862A500F9C009D17C1 /* Bookmark+CoreDataClass.swift in Sources */ = {isa = PBXBuildFile; fileRef = CDBB89842A500F9C009D17C1 /* Bookmark+CoreDataClass.swift */; };
		CDBB89872A500F9C009D17C1 /* Bookmark+CoreDataProperties.swift in Sources */ = {isa = PBXBuildFile; fileRef = CDBB89852A500F9C009D17C1 /* Bookmark+CoreDataProperties.swift */; };
		CDBB898A2A5014A4009D17C1 /* BookmarkDB.swift in Sources */ = {isa = PBXBuildFile; fileRef = CDBB89892A5014A4009D17C1 /* BookmarkDB.swift */; };
		CDBB898D2A505655009D17C1 /* Validation_Api_service.swift in Sources */ = {isa = PBXBuildFile; fileRef = CDBB898C2A505655009D17C1 /* Validation_Api_service.swift */; };
		CDBB89902A50584F009D17C1 /* MockMissionModel.swift in Sources */ = {isa = PBXBuildFile; fileRef = CDBB898F2A50584F009D17C1 /* MockMissionModel.swift */; };
/* End PBXBuildFile section */

/* Begin PBXContainerItemProxy section */
		CD8175742A4AC2530023EA94 /* PBXContainerItemProxy */ = {
			isa = PBXContainerItemProxy;
			containerPortal = CD8175522A4AC2500023EA94 /* Project object */;
			proxyType = 1;
			remoteGlobalIDString = CD8175592A4AC2500023EA94;
			remoteInfo = SSpaceX;
		};
		CD81757E2A4AC2530023EA94 /* PBXContainerItemProxy */ = {
			isa = PBXContainerItemProxy;
			containerPortal = CD8175522A4AC2500023EA94 /* Project object */;
			proxyType = 1;
			remoteGlobalIDString = CD8175592A4AC2500023EA94;
			remoteInfo = SSpaceX;
		};
/* End PBXContainerItemProxy section */

/* Begin PBXFileReference section */
		CD81755A2A4AC2500023EA94 /* SSpaceX.app */ = {isa = PBXFileReference; explicitFileType = wrapper.application; includeInIndex = 0; path = SSpaceX.app; sourceTree = BUILT_PRODUCTS_DIR; };
		CD81755D2A4AC2500023EA94 /* AppDelegate.swift */ = {isa = PBXFileReference; lastKnownFileType = sourcecode.swift; path = AppDelegate.swift; sourceTree = "<group>"; };
		CD81755F2A4AC2500023EA94 /* SceneDelegate.swift */ = {isa = PBXFileReference; lastKnownFileType = sourcecode.swift; path = SceneDelegate.swift; sourceTree = "<group>"; };
		CD8175612A4AC2500023EA94 /* ViewController.swift */ = {isa = PBXFileReference; lastKnownFileType = sourcecode.swift; path = ViewController.swift; sourceTree = "<group>"; };
		CD8175642A4AC2500023EA94 /* Base */ = {isa = PBXFileReference; lastKnownFileType = file.storyboard; name = Base; path = Base.lproj/Main.storyboard; sourceTree = "<group>"; };
		CD8175672A4AC2500023EA94 /* SSpaceX.xcdatamodel */ = {isa = PBXFileReference; lastKnownFileType = wrapper.xcdatamodel; path = SSpaceX.xcdatamodel; sourceTree = "<group>"; };
		CD8175692A4AC2520023EA94 /* Assets.xcassets */ = {isa = PBXFileReference; lastKnownFileType = folder.assetcatalog; path = Assets.xcassets; sourceTree = "<group>"; };
		CD81756C2A4AC2520023EA94 /* Base */ = {isa = PBXFileReference; lastKnownFileType = file.storyboard; name = Base; path = Base.lproj/LaunchScreen.storyboard; sourceTree = "<group>"; };
		CD81756E2A4AC2520023EA94 /* Info.plist */ = {isa = PBXFileReference; lastKnownFileType = text.plist.xml; path = Info.plist; sourceTree = "<group>"; };
		CD8175732A4AC2530023EA94 /* SSpaceXTests.xctest */ = {isa = PBXFileReference; explicitFileType = wrapper.cfbundle; includeInIndex = 0; path = SSpaceXTests.xctest; sourceTree = BUILT_PRODUCTS_DIR; };
		CD8175772A4AC2530023EA94 /* SSpaceXTests.swift */ = {isa = PBXFileReference; lastKnownFileType = sourcecode.swift; path = SSpaceXTests.swift; sourceTree = "<group>"; };
		CD81757D2A4AC2530023EA94 /* SSpaceXUITests.xctest */ = {isa = PBXFileReference; explicitFileType = wrapper.cfbundle; includeInIndex = 0; path = SSpaceXUITests.xctest; sourceTree = BUILT_PRODUCTS_DIR; };
		CD8175812A4AC2530023EA94 /* SSpaceXUITests.swift */ = {isa = PBXFileReference; lastKnownFileType = sourcecode.swift; path = SSpaceXUITests.swift; sourceTree = "<group>"; };
		CD8175832A4AC2530023EA94 /* SSpaceXUITestsLaunchTests.swift */ = {isa = PBXFileReference; lastKnownFileType = sourcecode.swift; path = SSpaceXUITestsLaunchTests.swift; sourceTree = "<group>"; };
		CD8175942A4AF2120023EA94 /* BaseCoordinate.swift */ = {isa = PBXFileReference; fileEncoding = 4; lastKnownFileType = sourcecode.swift; path = BaseCoordinate.swift; sourceTree = "<group>"; };
		CD8175952A4AF2120023EA94 /* BaseViewModel.swift */ = {isa = PBXFileReference; fileEncoding = 4; lastKnownFileType = sourcecode.swift; path = BaseViewModel.swift; sourceTree = "<group>"; };
		CD8175962A4AF2120023EA94 /* StoryBoardName.swift */ = {isa = PBXFileReference; fileEncoding = 4; lastKnownFileType = sourcecode.swift; path = StoryBoardName.swift; sourceTree = "<group>"; };
		CD8175982A4AF2120023EA94 /* UIView+Helper.swift */ = {isa = PBXFileReference; fileEncoding = 4; lastKnownFileType = sourcecode.swift; path = "UIView+Helper.swift"; sourceTree = "<group>"; };
		CD8175992A4AF2120023EA94 /* ExtensionTableView.swift */ = {isa = PBXFileReference; fileEncoding = 4; lastKnownFileType = sourcecode.swift; path = ExtensionTableView.swift; sourceTree = "<group>"; };
		CD81759A2A4AF2120023EA94 /* Encodable+Helper.swift */ = {isa = PBXFileReference; fileEncoding = 4; lastKnownFileType = sourcecode.swift; path = "Encodable+Helper.swift"; sourceTree = "<group>"; };
		CD81759B2A4AF2120023EA94 /* AlertTemplate.swift */ = {isa = PBXFileReference; fileEncoding = 4; lastKnownFileType = sourcecode.swift; path = AlertTemplate.swift; sourceTree = "<group>"; };
		CD81759C2A4AF2120023EA94 /* InstantiateViewControllerType.swift */ = {isa = PBXFileReference; fileEncoding = 4; lastKnownFileType = sourcecode.swift; path = InstantiateViewControllerType.swift; sourceTree = "<group>"; };
		CD8175A62A4AF23E0023EA94 /* ApiClientProtocol.swift */ = {isa = PBXFileReference; fileEncoding = 4; lastKnownFileType = sourcecode.swift; path = ApiClientProtocol.swift; sourceTree = "<group>"; };
		CD8175A72A4AF23E0023EA94 /* ApiURL.swift */ = {isa = PBXFileReference; fileEncoding = 4; lastKnownFileType = sourcecode.swift; path = ApiURL.swift; sourceTree = "<group>"; };
		CD8175A82A4AF23E0023EA94 /* MembershipRepository.swift */ = {isa = PBXFileReference; fileEncoding = 4; lastKnownFileType = sourcecode.swift; path = MembershipRepository.swift; sourceTree = "<group>"; };
		CD8175A92A4AF23E0023EA94 /* HTTPService.swift */ = {isa = PBXFileReference; fileEncoding = 4; lastKnownFileType = sourcecode.swift; path = HTTPService.swift; sourceTree = "<group>"; };
		CD8175B02A4AFB490023EA94 /* MainViewController.swift */ = {isa = PBXFileReference; lastKnownFileType = sourcecode.swift; path = MainViewController.swift; sourceTree = "<group>"; };
		CD8175B22A4AFB5D0023EA94 /* MainViewModel.swift */ = {isa = PBXFileReference; lastKnownFileType = sourcecode.swift; path = MainViewModel.swift; sourceTree = "<group>"; };
		CD8175B42A4AFB7A0023EA94 /* MaInCoordinator.swift */ = {isa = PBXFileReference; lastKnownFileType = sourcecode.swift; path = MaInCoordinator.swift; sourceTree = "<group>"; };
		CD8175B72A4B57C00023EA94 /* MissionModel.swift */ = {isa = PBXFileReference; lastKnownFileType = sourcecode.swift; path = MissionModel.swift; sourceTree = "<group>"; };
		CD8175B92A4B59A50023EA94 /* MissionRequestModel.swift */ = {isa = PBXFileReference; lastKnownFileType = sourcecode.swift; path = MissionRequestModel.swift; sourceTree = "<group>"; };
		CD8175BC2A4C133A0023EA94 /* MainTableViewCell.swift */ = {isa = PBXFileReference; lastKnownFileType = sourcecode.swift; path = MainTableViewCell.swift; sourceTree = "<group>"; };
		CD8175BD2A4C133A0023EA94 /* MainTableViewCell.xib */ = {isa = PBXFileReference; lastKnownFileType = file.xib; path = MainTableViewCell.xib; sourceTree = "<group>"; };
		CD8175C02A4C19CE0023EA94 /* ImageLoader.swift */ = {isa = PBXFileReference; lastKnownFileType = sourcecode.swift; path = ImageLoader.swift; sourceTree = "<group>"; };
		CD8175C42A4C4A150023EA94 /* UIImage+Helper.swift */ = {isa = PBXFileReference; lastKnownFileType = sourcecode.swift; path = "UIImage+Helper.swift"; sourceTree = "<group>"; };
		CD8175CA2A4C4F1D0023EA94 /* DateFormatter+Helper.swift */ = {isa = PBXFileReference; lastKnownFileType = sourcecode.swift; path = "DateFormatter+Helper.swift"; sourceTree = "<group>"; };
		CD8175CC2A4C4F7F0023EA94 /* Constant.swift */ = {isa = PBXFileReference; lastKnownFileType = sourcecode.swift; path = Constant.swift; sourceTree = "<group>"; };
		CD8175CF2A4C584F0023EA94 /* DetailsMissionCoordinator.swift */ = {isa = PBXFileReference; lastKnownFileType = sourcecode.swift; path = DetailsMissionCoordinator.swift; sourceTree = "<group>"; };
		CD8175D12A4C58660023EA94 /* DetailsMissionViewModel.swift */ = {isa = PBXFileReference; lastKnownFileType = sourcecode.swift; path = DetailsMissionViewModel.swift; sourceTree = "<group>"; };
		CD8175D32A4C587D0023EA94 /* DetailsMissionController.swift */ = {isa = PBXFileReference; lastKnownFileType = sourcecode.swift; path = DetailsMissionController.swift; sourceTree = "<group>"; };
		CD8175D52A4C58A70023EA94 /* DetailsMission.storyboard */ = {isa = PBXFileReference; lastKnownFileType = file.storyboard; path = DetailsMission.storyboard; sourceTree = "<group>"; };
		CD8175D82A4CA9170023EA94 /* DetailsImageTableViewCell.swift */ = {isa = PBXFileReference; lastKnownFileType = sourcecode.swift; path = DetailsImageTableViewCell.swift; sourceTree = "<group>"; };
		CD8175D92A4CA9170023EA94 /* DetailsImageTableViewCell.xib */ = {isa = PBXFileReference; lastKnownFileType = file.xib; path = DetailsImageTableViewCell.xib; sourceTree = "<group>"; };
		CD8175DC2A4CA9F00023EA94 /* DetailsTextTableViewCell.swift */ = {isa = PBXFileReference; lastKnownFileType = sourcecode.swift; path = DetailsTextTableViewCell.swift; sourceTree = "<group>"; };
		CD8175DD2A4CA9F00023EA94 /* DetailsTextTableViewCell.xib */ = {isa = PBXFileReference; lastKnownFileType = file.xib; path = DetailsTextTableViewCell.xib; sourceTree = "<group>"; };
		CD8175E02A4CAA5D0023EA94 /* DetailsSelectTableViewCell.swift */ = {isa = PBXFileReference; lastKnownFileType = sourcecode.swift; path = DetailsSelectTableViewCell.swift; sourceTree = "<group>"; };
		CD8175E12A4CAA5D0023EA94 /* DetailsSelectTableViewCell.xib */ = {isa = PBXFileReference; lastKnownFileType = file.xib; path = DetailsSelectTableViewCell.xib; sourceTree = "<group>"; };
		CDBB89842A500F9C009D17C1 /* Bookmark+CoreDataClass.swift */ = {isa = PBXFileReference; lastKnownFileType = sourcecode.swift; path = "Bookmark+CoreDataClass.swift"; sourceTree = "<group>"; };
		CDBB89852A500F9C009D17C1 /* Bookmark+CoreDataProperties.swift */ = {isa = PBXFileReference; lastKnownFileType = sourcecode.swift; path = "Bookmark+CoreDataProperties.swift"; sourceTree = "<group>"; };
		CDBB89892A5014A4009D17C1 /* BookmarkDB.swift */ = {isa = PBXFileReference; lastKnownFileType = sourcecode.swift; path = BookmarkDB.swift; sourceTree = "<group>"; };
		CDBB898C2A505655009D17C1 /* Validation_Api_service.swift */ = {isa = PBXFileReference; lastKnownFileType = sourcecode.swift; path = Validation_Api_service.swift; sourceTree = "<group>"; };
		CDBB898F2A50584F009D17C1 /* MockMissionModel.swift */ = {isa = PBXFileReference; lastKnownFileType = sourcecode.swift; path = MockMissionModel.swift; sourceTree = "<group>"; };
/* End PBXFileReference section */

/* Begin PBXFrameworksBuildPhase section */
		CD8175572A4AC2500023EA94 /* Frameworks */ = {
			isa = PBXFrameworksBuildPhase;
			buildActionMask = 2147483647;
			files = (
			);
			runOnlyForDeploymentPostprocessing = 0;
		};
		CD8175702A4AC2530023EA94 /* Frameworks */ = {
			isa = PBXFrameworksBuildPhase;
			buildActionMask = 2147483647;
			files = (
			);
			runOnlyForDeploymentPostprocessing = 0;
		};
		CD81757A2A4AC2530023EA94 /* Frameworks */ = {
			isa = PBXFrameworksBuildPhase;
			buildActionMask = 2147483647;
			files = (
			);
			runOnlyForDeploymentPostprocessing = 0;
		};
/* End PBXFrameworksBuildPhase section */

/* Begin PBXGroup section */
		CD8175512A4AC2500023EA94 = {
			isa = PBXGroup;
			children = (
				CD81755C2A4AC2500023EA94 /* SSpaceX */,
				CD8175762A4AC2530023EA94 /* SSpaceXTests */,
				CD8175802A4AC2530023EA94 /* SSpaceXUITests */,
				CD81755B2A4AC2500023EA94 /* Products */,
			);
			sourceTree = "<group>";
		};
		CD81755B2A4AC2500023EA94 /* Products */ = {
			isa = PBXGroup;
			children = (
				CD81755A2A4AC2500023EA94 /* SSpaceX.app */,
				CD8175732A4AC2530023EA94 /* SSpaceXTests.xctest */,
				CD81757D2A4AC2530023EA94 /* SSpaceXUITests.xctest */,
			);
			name = Products;
			sourceTree = "<group>";
		};
		CD81755C2A4AC2500023EA94 /* SSpaceX */ = {
			isa = PBXGroup;
			children = (
				CDBB89882A500FAF009D17C1 /* Bookmark */,
				CD8175B62A4B56E30023EA94 /* Model */,
				CD8175AE2A4AFABA0023EA94 /* Scenes */,
				CD8175972A4AF2120023EA94 /* Extenstion */,
				CD8175A52A4AF23E0023EA94 /* ApiUrl */,
				CD8175932A4AF2120023EA94 /* Base */,
				CD8175912A4AF1BE0023EA94 /* Support */,
				CD81756E2A4AC2520023EA94 /* Info.plist */,
				CD8175662A4AC2500023EA94 /* SSpaceX.xcdatamodeld */,
			);
			path = SSpaceX;
			sourceTree = "<group>";
		};
		CD8175762A4AC2530023EA94 /* SSpaceXTests */ = {
			isa = PBXGroup;
			children = (
				CDBB898E2A505823009D17C1 /* Mock */,
				CD8175772A4AC2530023EA94 /* SSpaceXTests.swift */,
				CDBB898C2A505655009D17C1 /* Validation_Api_service.swift */,
			);
			path = SSpaceXTests;
			sourceTree = "<group>";
		};
		CD8175802A4AC2530023EA94 /* SSpaceXUITests */ = {
			isa = PBXGroup;
			children = (
				CD8175812A4AC2530023EA94 /* SSpaceXUITests.swift */,
				CD8175832A4AC2530023EA94 /* SSpaceXUITestsLaunchTests.swift */,
			);
			path = SSpaceXUITests;
			sourceTree = "<group>";
		};
		CD8175912A4AF1BE0023EA94 /* Support */ = {
			isa = PBXGroup;
			children = (
				CD81755D2A4AC2500023EA94 /* AppDelegate.swift */,
				CD81755F2A4AC2500023EA94 /* SceneDelegate.swift */,
				CD8175612A4AC2500023EA94 /* ViewController.swift */,
				CD8175692A4AC2520023EA94 /* Assets.xcassets */,
				CD81756B2A4AC2520023EA94 /* LaunchScreen.storyboard */,
			);
			path = Support;
			sourceTree = "<group>";
		};
		CD8175932A4AF2120023EA94 /* Base */ = {
			isa = PBXGroup;
			children = (
				CD8175942A4AF2120023EA94 /* BaseCoordinate.swift */,
				CD8175952A4AF2120023EA94 /* BaseViewModel.swift */,
				CD8175962A4AF2120023EA94 /* StoryBoardName.swift */,
				CD81759B2A4AF2120023EA94 /* AlertTemplate.swift */,
				CD81759C2A4AF2120023EA94 /* InstantiateViewControllerType.swift */,
				CD8175C02A4C19CE0023EA94 /* ImageLoader.swift */,
				CD8175CC2A4C4F7F0023EA94 /* Constant.swift */,
			);
			path = Base;
			sourceTree = "<group>";
		};
		CD8175972A4AF2120023EA94 /* Extenstion */ = {
			isa = PBXGroup;
			children = (
				CD8175982A4AF2120023EA94 /* UIView+Helper.swift */,
				CD8175992A4AF2120023EA94 /* ExtensionTableView.swift */,
				CD81759A2A4AF2120023EA94 /* Encodable+Helper.swift */,
				CD8175C42A4C4A150023EA94 /* UIImage+Helper.swift */,
				CD8175CA2A4C4F1D0023EA94 /* DateFormatter+Helper.swift */,
			);
			path = Extenstion;
			sourceTree = "<group>";
		};
		CD8175A52A4AF23E0023EA94 /* ApiUrl */ = {
			isa = PBXGroup;
			children = (
				CD8175A62A4AF23E0023EA94 /* ApiClientProtocol.swift */,
				CD8175A72A4AF23E0023EA94 /* ApiURL.swift */,
				CD8175A82A4AF23E0023EA94 /* MembershipRepository.swift */,
				CD8175A92A4AF23E0023EA94 /* HTTPService.swift */,
			);
			path = ApiUrl;
			sourceTree = "<group>";
		};
		CD8175AE2A4AFABA0023EA94 /* Scenes */ = {
			isa = PBXGroup;
			children = (
				CD8175CE2A4C57F40023EA94 /* Details */,
				CD8175AF2A4AFAC80023EA94 /* Main */,
			);
			path = Scenes;
			sourceTree = "<group>";
		};
		CD8175AF2A4AFAC80023EA94 /* Main */ = {
			isa = PBXGroup;
			children = (
				CD8175BB2A4C12BF0023EA94 /* Cell */,
				CD8175632A4AC2500023EA94 /* Main.storyboard */,
				CD8175B02A4AFB490023EA94 /* MainViewController.swift */,
				CD8175B22A4AFB5D0023EA94 /* MainViewModel.swift */,
				CD8175B42A4AFB7A0023EA94 /* MaInCoordinator.swift */,
			);
			path = Main;
			sourceTree = "<group>";
		};
		CD8175B62A4B56E30023EA94 /* Model */ = {
			isa = PBXGroup;
			children = (
				CD8175B72A4B57C00023EA94 /* MissionModel.swift */,
				CD8175B92A4B59A50023EA94 /* MissionRequestModel.swift */,
			);
			path = Model;
			sourceTree = "<group>";
		};
		CD8175BB2A4C12BF0023EA94 /* Cell */ = {
			isa = PBXGroup;
			children = (
				CD8175BC2A4C133A0023EA94 /* MainTableViewCell.swift */,
				CD8175BD2A4C133A0023EA94 /* MainTableViewCell.xib */,
			);
			path = Cell;
			sourceTree = "<group>";
		};
		CD8175CE2A4C57F40023EA94 /* Details */ = {
			isa = PBXGroup;
			children = (
				CD8175D72A4CA8E80023EA94 /* Cell */,
				CD8175CF2A4C584F0023EA94 /* DetailsMissionCoordinator.swift */,
				CD8175D12A4C58660023EA94 /* DetailsMissionViewModel.swift */,
				CD8175D32A4C587D0023EA94 /* DetailsMissionController.swift */,
				CD8175D52A4C58A70023EA94 /* DetailsMission.storyboard */,
			);
			path = Details;
			sourceTree = "<group>";
		};
		CD8175D72A4CA8E80023EA94 /* Cell */ = {
			isa = PBXGroup;
			children = (
				CD8175D82A4CA9170023EA94 /* DetailsImageTableViewCell.swift */,
				CD8175D92A4CA9170023EA94 /* DetailsImageTableViewCell.xib */,
				CD8175DC2A4CA9F00023EA94 /* DetailsTextTableViewCell.swift */,
				CD8175DD2A4CA9F00023EA94 /* DetailsTextTableViewCell.xib */,
				CD8175E02A4CAA5D0023EA94 /* DetailsSelectTableViewCell.swift */,
				CD8175E12A4CAA5D0023EA94 /* DetailsSelectTableViewCell.xib */,
			);
			path = Cell;
			sourceTree = "<group>";
		};
		CDBB89882A500FAF009D17C1 /* Bookmark */ = {
			isa = PBXGroup;
			children = (
				CDBB89842A500F9C009D17C1 /* Bookmark+CoreDataClass.swift */,
				CDBB89852A500F9C009D17C1 /* Bookmark+CoreDataProperties.swift */,
				CDBB89892A5014A4009D17C1 /* BookmarkDB.swift */,
			);
			path = Bookmark;
			sourceTree = "<group>";
		};
		CDBB898E2A505823009D17C1 /* Mock */ = {
			isa = PBXGroup;
			children = (
				CDBB898F2A50584F009D17C1 /* MockMissionModel.swift */,
			);
			path = Mock;
			sourceTree = "<group>";
		};
/* End PBXGroup section */

/* Begin PBXNativeTarget section */
		CD8175592A4AC2500023EA94 /* SSpaceX */ = {
			isa = PBXNativeTarget;
			buildConfigurationList = CD8175872A4AC2530023EA94 /* Build configuration list for PBXNativeTarget "SSpaceX" */;
			buildPhases = (
				CD8175562A4AC2500023EA94 /* Sources */,
				CD8175572A4AC2500023EA94 /* Frameworks */,
				CD8175582A4AC2500023EA94 /* Resources */,
			);
			buildRules = (
			);
			dependencies = (
			);
			name = SSpaceX;
			productName = SSpaceX;
			productReference = CD81755A2A4AC2500023EA94 /* SSpaceX.app */;
			productType = "com.apple.product-type.application";
		};
		CD8175722A4AC2530023EA94 /* SSpaceXTests */ = {
			isa = PBXNativeTarget;
			buildConfigurationList = CD81758A2A4AC2530023EA94 /* Build configuration list for PBXNativeTarget "SSpaceXTests" */;
			buildPhases = (
				CD81756F2A4AC2530023EA94 /* Sources */,
				CD8175702A4AC2530023EA94 /* Frameworks */,
				CD8175712A4AC2530023EA94 /* Resources */,
			);
			buildRules = (
			);
			dependencies = (
				CD8175752A4AC2530023EA94 /* PBXTargetDependency */,
			);
			name = SSpaceXTests;
			productName = SSpaceXTests;
			productReference = CD8175732A4AC2530023EA94 /* SSpaceXTests.xctest */;
			productType = "com.apple.product-type.bundle.unit-test";
		};
		CD81757C2A4AC2530023EA94 /* SSpaceXUITests */ = {
			isa = PBXNativeTarget;
			buildConfigurationList = CD81758D2A4AC2530023EA94 /* Build configuration list for PBXNativeTarget "SSpaceXUITests" */;
			buildPhases = (
				CD8175792A4AC2530023EA94 /* Sources */,
				CD81757A2A4AC2530023EA94 /* Frameworks */,
				CD81757B2A4AC2530023EA94 /* Resources */,
			);
			buildRules = (
			);
			dependencies = (
				CD81757F2A4AC2530023EA94 /* PBXTargetDependency */,
			);
			name = SSpaceXUITests;
			productName = SSpaceXUITests;
			productReference = CD81757D2A4AC2530023EA94 /* SSpaceXUITests.xctest */;
			productType = "com.apple.product-type.bundle.ui-testing";
		};
/* End PBXNativeTarget section */

/* Begin PBXProject section */
		CD8175522A4AC2500023EA94 /* Project object */ = {
			isa = PBXProject;
			attributes = {
				BuildIndependentTargetsInParallel = 1;
				LastSwiftUpdateCheck = 1420;
				LastUpgradeCheck = 1420;
				TargetAttributes = {
					CD8175592A4AC2500023EA94 = {
						CreatedOnToolsVersion = 14.2;
					};
					CD8175722A4AC2530023EA94 = {
						CreatedOnToolsVersion = 14.2;
						TestTargetID = CD8175592A4AC2500023EA94;
					};
					CD81757C2A4AC2530023EA94 = {
						CreatedOnToolsVersion = 14.2;
						TestTargetID = CD8175592A4AC2500023EA94;
					};
				};
			};
			buildConfigurationList = CD8175552A4AC2500023EA94 /* Build configuration list for PBXProject "SSpaceX" */;
			compatibilityVersion = "Xcode 14.0";
			developmentRegion = en;
			hasScannedForEncodings = 0;
			knownRegions = (
				en,
				Base,
			);
			mainGroup = CD8175512A4AC2500023EA94;
			productRefGroup = CD81755B2A4AC2500023EA94 /* Products */;
			projectDirPath = "";
			projectRoot = "";
			targets = (
				CD8175592A4AC2500023EA94 /* SSpaceX */,
				CD8175722A4AC2530023EA94 /* SSpaceXTests */,
				CD81757C2A4AC2530023EA94 /* SSpaceXUITests */,
			);
		};
/* End PBXProject section */

/* Begin PBXResourcesBuildPhase section */
		CD8175582A4AC2500023EA94 /* Resources */ = {
			isa = PBXResourcesBuildPhase;
			buildActionMask = 2147483647;
			files = (
				CD81756D2A4AC2520023EA94 /* LaunchScreen.storyboard in Resources */,
				CD81756A2A4AC2520023EA94 /* Assets.xcassets in Resources */,
				CD8175D62A4C58A70023EA94 /* DetailsMission.storyboard in Resources */,
				CD8175E32A4CAA5D0023EA94 /* DetailsSelectTableViewCell.xib in Resources */,
				CD8175DF2A4CA9F00023EA94 /* DetailsTextTableViewCell.xib in Resources */,
				CD8175BF2A4C133A0023EA94 /* MainTableViewCell.xib in Resources */,
				CD8175DB2A4CA9170023EA94 /* DetailsImageTableViewCell.xib in Resources */,
				CD8175652A4AC2500023EA94 /* Main.storyboard in Resources */,
			);
			runOnlyForDeploymentPostprocessing = 0;
		};
		CD8175712A4AC2530023EA94 /* Resources */ = {
			isa = PBXResourcesBuildPhase;
			buildActionMask = 2147483647;
			files = (
			);
			runOnlyForDeploymentPostprocessing = 0;
		};
		CD81757B2A4AC2530023EA94 /* Resources */ = {
			isa = PBXResourcesBuildPhase;
			buildActionMask = 2147483647;
			files = (
			);
			runOnlyForDeploymentPostprocessing = 0;
		};
/* End PBXResourcesBuildPhase section */

/* Begin PBXSourcesBuildPhase section */
		CD8175562A4AC2500023EA94 /* Sources */ = {
			isa = PBXSourcesBuildPhase;
			buildActionMask = 2147483647;
			files = (
				CD8175BE2A4C133A0023EA94 /* MainTableViewCell.swift in Sources */,
				CD8175A32A4AF2120023EA94 /* AlertTemplate.swift in Sources */,
				CD8175D22A4C58660023EA94 /* DetailsMissionViewModel.swift in Sources */,
				CDBB898A2A5014A4009D17C1 /* BookmarkDB.swift in Sources */,
				CD8175D02A4C584F0023EA94 /* DetailsMissionCoordinator.swift in Sources */,
				CD8175DA2A4CA9170023EA94 /* DetailsImageTableViewCell.swift in Sources */,
				CD81759D2A4AF2120023EA94 /* BaseCoordinate.swift in Sources */,
				CD8175E22A4CAA5D0023EA94 /* DetailsSelectTableViewCell.swift in Sources */,
				CD8175622A4AC2500023EA94 /* ViewController.swift in Sources */,
				CD8175DE2A4CA9F00023EA94 /* DetailsTextTableViewCell.swift in Sources */,
				CD8175A42A4AF2120023EA94 /* InstantiateViewControllerType.swift in Sources */,
				CD8175B52A4AFB7A0023EA94 /* MaInCoordinator.swift in Sources */,
				CD8175BA2A4B59A50023EA94 /* MissionRequestModel.swift in Sources */,
				CD8175AB2A4AF23E0023EA94 /* ApiURL.swift in Sources */,
				CD8175AC2A4AF23E0023EA94 /* MembershipRepository.swift in Sources */,
				CD8175A02A4AF2120023EA94 /* UIView+Helper.swift in Sources */,
				CDBB89862A500F9C009D17C1 /* Bookmark+CoreDataClass.swift in Sources */,
				CD8175B12A4AFB490023EA94 /* MainViewController.swift in Sources */,
				CD81755E2A4AC2500023EA94 /* AppDelegate.swift in Sources */,
				CD8175602A4AC2500023EA94 /* SceneDelegate.swift in Sources */,
				CD8175682A4AC2500023EA94 /* SSpaceX.xcdatamodeld in Sources */,
				CD81759F2A4AF2120023EA94 /* StoryBoardName.swift in Sources */,
				CD8175C12A4C19CE0023EA94 /* ImageLoader.swift in Sources */,
				CD8175CB2A4C4F1D0023EA94 /* DateFormatter+Helper.swift in Sources */,
				CD8175A22A4AF2120023EA94 /* Encodable+Helper.swift in Sources */,
				CD8175A12A4AF2120023EA94 /* ExtensionTableView.swift in Sources */,
				CD8175D42A4C587D0023EA94 /* DetailsMissionController.swift in Sources */,
				CD8175CD2A4C4F7F0023EA94 /* Constant.swift in Sources */,
				CD8175AD2A4AF23E0023EA94 /* HTTPService.swift in Sources */,
				CD8175C52A4C4A150023EA94 /* UIImage+Helper.swift in Sources */,
				CD8175B82A4B57C00023EA94 /* MissionModel.swift in Sources */,
				CD8175AA2A4AF23E0023EA94 /* ApiClientProtocol.swift in Sources */,
				CD81759E2A4AF2120023EA94 /* BaseViewModel.swift in Sources */,
				CDBB89872A500F9C009D17C1 /* Bookmark+CoreDataProperties.swift in Sources */,
				CD8175B32A4AFB5D0023EA94 /* MainViewModel.swift in Sources */,
			);
			runOnlyForDeploymentPostprocessing = 0;
		};
		CD81756F2A4AC2530023EA94 /* Sources */ = {
			isa = PBXSourcesBuildPhase;
			buildActionMask = 2147483647;
			files = (
				CD8175782A4AC2530023EA94 /* SSpaceXTests.swift in Sources */,
				CDBB898D2A505655009D17C1 /* Validation_Api_service.swift in Sources */,
				CDBB89902A50584F009D17C1 /* MockMissionModel.swift in Sources */,
			);
			runOnlyForDeploymentPostprocessing = 0;
		};
		CD8175792A4AC2530023EA94 /* Sources */ = {
			isa = PBXSourcesBuildPhase;
			buildActionMask = 2147483647;
			files = (
				CD8175842A4AC2530023EA94 /* SSpaceXUITestsLaunchTests.swift in Sources */,
				CD8175822A4AC2530023EA94 /* SSpaceXUITests.swift in Sources */,
			);
			runOnlyForDeploymentPostprocessing = 0;
		};
/* End PBXSourcesBuildPhase section */

/* Begin PBXTargetDependency section */
		CD8175752A4AC2530023EA94 /* PBXTargetDependency */ = {
			isa = PBXTargetDependency;
			target = CD8175592A4AC2500023EA94 /* SSpaceX */;
			targetProxy = CD8175742A4AC2530023EA94 /* PBXContainerItemProxy */;
		};
		CD81757F2A4AC2530023EA94 /* PBXTargetDependency */ = {
			isa = PBXTargetDependency;
			target = CD8175592A4AC2500023EA94 /* SSpaceX */;
			targetProxy = CD81757E2A4AC2530023EA94 /* PBXContainerItemProxy */;
		};
/* End PBXTargetDependency section */

/* Begin PBXVariantGroup section */
		CD8175632A4AC2500023EA94 /* Main.storyboard */ = {
			isa = PBXVariantGroup;
			children = (
				CD8175642A4AC2500023EA94 /* Base */,
			);
			name = Main.storyboard;
			sourceTree = "<group>";
		};
		CD81756B2A4AC2520023EA94 /* LaunchScreen.storyboard */ = {
			isa = PBXVariantGroup;
			children = (
				CD81756C2A4AC2520023EA94 /* Base */,
			);
			name = LaunchScreen.storyboard;
			sourceTree = "<group>";
		};
/* End PBXVariantGroup section */

/* Begin XCBuildConfiguration section */
		CD8175852A4AC2530023EA94 /* Debug */ = {
			isa = XCBuildConfiguration;
			buildSettings = {
				ALWAYS_SEARCH_USER_PATHS = NO;
				CLANG_ANALYZER_NONNULL = YES;
				CLANG_ANALYZER_NUMBER_OBJECT_CONVERSION = YES_AGGRESSIVE;
				CLANG_CXX_LANGUAGE_STANDARD = "gnu++20";
				CLANG_ENABLE_MODULES = YES;
				CLANG_ENABLE_OBJC_ARC = YES;
				CLANG_ENABLE_OBJC_WEAK = YES;
				CLANG_WARN_BLOCK_CAPTURE_AUTORELEASING = YES;
				CLANG_WARN_BOOL_CONVERSION = YES;
				CLANG_WARN_COMMA = YES;
				CLANG_WARN_CONSTANT_CONVERSION = YES;
				CLANG_WARN_DEPRECATED_OBJC_IMPLEMENTATIONS = YES;
				CLANG_WARN_DIRECT_OBJC_ISA_USAGE = YES_ERROR;
				CLANG_WARN_DOCUMENTATION_COMMENTS = YES;
				CLANG_WARN_EMPTY_BODY = YES;
				CLANG_WARN_ENUM_CONVERSION = YES;
				CLANG_WARN_INFINITE_RECURSION = YES;
				CLANG_WARN_INT_CONVERSION = YES;
				CLANG_WARN_NON_LITERAL_NULL_CONVERSION = YES;
				CLANG_WARN_OBJC_IMPLICIT_RETAIN_SELF = YES;
				CLANG_WARN_OBJC_LITERAL_CONVERSION = YES;
				CLANG_WARN_OBJC_ROOT_CLASS = YES_ERROR;
				CLANG_WARN_QUOTED_INCLUDE_IN_FRAMEWORK_HEADER = YES;
				CLANG_WARN_RANGE_LOOP_ANALYSIS = YES;
				CLANG_WARN_STRICT_PROTOTYPES = YES;
				CLANG_WARN_SUSPICIOUS_MOVE = YES;
				CLANG_WARN_UNGUARDED_AVAILABILITY = YES_AGGRESSIVE;
				CLANG_WARN_UNREACHABLE_CODE = YES;
				CLANG_WARN__DUPLICATE_METHOD_MATCH = YES;
				COPY_PHASE_STRIP = NO;
				DEBUG_INFORMATION_FORMAT = dwarf;
				ENABLE_STRICT_OBJC_MSGSEND = YES;
				ENABLE_TESTABILITY = YES;
				GCC_C_LANGUAGE_STANDARD = gnu11;
				GCC_DYNAMIC_NO_PIC = NO;
				GCC_NO_COMMON_BLOCKS = YES;
				GCC_OPTIMIZATION_LEVEL = 0;
				GCC_PREPROCESSOR_DEFINITIONS = (
					"DEBUG=1",
					"$(inherited)",
				);
				GCC_WARN_64_TO_32_BIT_CONVERSION = YES;
				GCC_WARN_ABOUT_RETURN_TYPE = YES_ERROR;
				GCC_WARN_UNDECLARED_SELECTOR = YES;
				GCC_WARN_UNINITIALIZED_AUTOS = YES_AGGRESSIVE;
				GCC_WARN_UNUSED_FUNCTION = YES;
				GCC_WARN_UNUSED_VARIABLE = YES;
				IPHONEOS_DEPLOYMENT_TARGET = 16.2;
				MTL_ENABLE_DEBUG_INFO = INCLUDE_SOURCE;
				MTL_FAST_MATH = YES;
				ONLY_ACTIVE_ARCH = YES;
				SDKROOT = iphoneos;
				SWIFT_ACTIVE_COMPILATION_CONDITIONS = DEBUG;
				SWIFT_OPTIMIZATION_LEVEL = "-Onone";
			};
			name = Debug;
		};
		CD8175862A4AC2530023EA94 /* Release */ = {
			isa = XCBuildConfiguration;
			buildSettings = {
				ALWAYS_SEARCH_USER_PATHS = NO;
				CLANG_ANALYZER_NONNULL = YES;
				CLANG_ANALYZER_NUMBER_OBJECT_CONVERSION = YES_AGGRESSIVE;
				CLANG_CXX_LANGUAGE_STANDARD = "gnu++20";
				CLANG_ENABLE_MODULES = YES;
				CLANG_ENABLE_OBJC_ARC = YES;
				CLANG_ENABLE_OBJC_WEAK = YES;
				CLANG_WARN_BLOCK_CAPTURE_AUTORELEASING = YES;
				CLANG_WARN_BOOL_CONVERSION = YES;
				CLANG_WARN_COMMA = YES;
				CLANG_WARN_CONSTANT_CONVERSION = YES;
				CLANG_WARN_DEPRECATED_OBJC_IMPLEMENTATIONS = YES;
				CLANG_WARN_DIRECT_OBJC_ISA_USAGE = YES_ERROR;
				CLANG_WARN_DOCUMENTATION_COMMENTS = YES;
				CLANG_WARN_EMPTY_BODY = YES;
				CLANG_WARN_ENUM_CONVERSION = YES;
				CLANG_WARN_INFINITE_RECURSION = YES;
				CLANG_WARN_INT_CONVERSION = YES;
				CLANG_WARN_NON_LITERAL_NULL_CONVERSION = YES;
				CLANG_WARN_OBJC_IMPLICIT_RETAIN_SELF = YES;
				CLANG_WARN_OBJC_LITERAL_CONVERSION = YES;
				CLANG_WARN_OBJC_ROOT_CLASS = YES_ERROR;
				CLANG_WARN_QUOTED_INCLUDE_IN_FRAMEWORK_HEADER = YES;
				CLANG_WARN_RANGE_LOOP_ANALYSIS = YES;
				CLANG_WARN_STRICT_PROTOTYPES = YES;
				CLANG_WARN_SUSPICIOUS_MOVE = YES;
				CLANG_WARN_UNGUARDED_AVAILABILITY = YES_AGGRESSIVE;
				CLANG_WARN_UNREACHABLE_CODE = YES;
				CLANG_WARN__DUPLICATE_METHOD_MATCH = YES;
				COPY_PHASE_STRIP = NO;
				DEBUG_INFORMATION_FORMAT = "dwarf-with-dsym";
				ENABLE_NS_ASSERTIONS = NO;
				ENABLE_STRICT_OBJC_MSGSEND = YES;
				GCC_C_LANGUAGE_STANDARD = gnu11;
				GCC_NO_COMMON_BLOCKS = YES;
				GCC_WARN_64_TO_32_BIT_CONVERSION = YES;
				GCC_WARN_ABOUT_RETURN_TYPE = YES_ERROR;
				GCC_WARN_UNDECLARED_SELECTOR = YES;
				GCC_WARN_UNINITIALIZED_AUTOS = YES_AGGRESSIVE;
				GCC_WARN_UNUSED_FUNCTION = YES;
				GCC_WARN_UNUSED_VARIABLE = YES;
				IPHONEOS_DEPLOYMENT_TARGET = 16.2;
				MTL_ENABLE_DEBUG_INFO = NO;
				MTL_FAST_MATH = YES;
				SDKROOT = iphoneos;
				SWIFT_COMPILATION_MODE = wholemodule;
				SWIFT_OPTIMIZATION_LEVEL = "-O";
				VALIDATE_PRODUCT = YES;
			};
			name = Release;
		};
		CD8175882A4AC2530023EA94 /* Debug */ = {
			isa = XCBuildConfiguration;
			buildSettings = {
				ASSETCATALOG_COMPILER_APPICON_NAME = AppIcon;
				ASSETCATALOG_COMPILER_GLOBAL_ACCENT_COLOR_NAME = AccentColor;
				CODE_SIGN_STYLE = Automatic;
				CURRENT_PROJECT_VERSION = 1;
				GENERATE_INFOPLIST_FILE = YES;
				INFOPLIST_FILE = SSpaceX/Info.plist;
				INFOPLIST_KEY_UIApplicationSupportsIndirectInputEvents = YES;
				INFOPLIST_KEY_UILaunchStoryboardName = LaunchScreen;
				INFOPLIST_KEY_UIMainStoryboardFile = Main;
				INFOPLIST_KEY_UISupportedInterfaceOrientations_iPad = "UIInterfaceOrientationPortrait UIInterfaceOrientationPortraitUpsideDown UIInterfaceOrientationLandscapeLeft UIInterfaceOrientationLandscapeRight";
				INFOPLIST_KEY_UISupportedInterfaceOrientations_iPhone = "UIInterfaceOrientationPortrait UIInterfaceOrientationLandscapeLeft UIInterfaceOrientationLandscapeRight";
				LD_RUNPATH_SEARCH_PATHS = (
					"$(inherited)",
					"@executable_path/Frameworks",
				);
				MARKETING_VERSION = 1.0;
				PRODUCT_BUNDLE_IDENTIFIER = spaceX.SSpaceX;
				PRODUCT_NAME = "$(TARGET_NAME)";
				SWIFT_EMIT_LOC_STRINGS = YES;
				SWIFT_VERSION = 5.0;
				TARGETED_DEVICE_FAMILY = "1,2";
			};
			name = Debug;
		};
		CD8175892A4AC2530023EA94 /* Release */ = {
			isa = XCBuildConfiguration;
			buildSettings = {
				ASSETCATALOG_COMPILER_APPICON_NAME = AppIcon;
				ASSETCATALOG_COMPILER_GLOBAL_ACCENT_COLOR_NAME = AccentColor;
				CODE_SIGN_STYLE = Automatic;
				CURRENT_PROJECT_VERSION = 1;
				GENERATE_INFOPLIST_FILE = YES;
				INFOPLIST_FILE = SSpaceX/Info.plist;
				INFOPLIST_KEY_UIApplicationSupportsIndirectInputEvents = YES;
				INFOPLIST_KEY_UILaunchStoryboardName = LaunchScreen;
				INFOPLIST_KEY_UIMainStoryboardFile = Main;
				INFOPLIST_KEY_UISupportedInterfaceOrientations_iPad = "UIInterfaceOrientationPortrait UIInterfaceOrientationPortraitUpsideDown UIInterfaceOrientationLandscapeLeft UIInterfaceOrientationLandscapeRight";
				INFOPLIST_KEY_UISupportedInterfaceOrientations_iPhone = "UIInterfaceOrientationPortrait UIInterfaceOrientationLandscapeLeft UIInterfaceOrientationLandscapeRight";
				LD_RUNPATH_SEARCH_PATHS = (
					"$(inherited)",
					"@executable_path/Frameworks",
				);
				MARKETING_VERSION = 1.0;
				PRODUCT_BUNDLE_IDENTIFIER = spaceX.SSpaceX;
				PRODUCT_NAME = "$(TARGET_NAME)";
				SWIFT_EMIT_LOC_STRINGS = YES;
				SWIFT_VERSION = 5.0;
				TARGETED_DEVICE_FAMILY = "1,2";
			};
			name = Release;
		};
		CD81758B2A4AC2530023EA94 /* Debug */ = {
			isa = XCBuildConfiguration;
			buildSettings = {
				ALWAYS_EMBED_SWIFT_STANDARD_LIBRARIES = YES;
				BUNDLE_LOADER = "$(TEST_HOST)";
				CODE_SIGN_STYLE = Automatic;
				CURRENT_PROJECT_VERSION = 1;
				GENERATE_INFOPLIST_FILE = YES;
				IPHONEOS_DEPLOYMENT_TARGET = 16.2;
				MARKETING_VERSION = 1.0;
				PRODUCT_BUNDLE_IDENTIFIER = spaceX.SSpaceXTests;
				PRODUCT_NAME = "$(TARGET_NAME)";
				SWIFT_EMIT_LOC_STRINGS = NO;
				SWIFT_VERSION = 5.0;
				TARGETED_DEVICE_FAMILY = "1,2";
				TEST_HOST = "$(BUILT_PRODUCTS_DIR)/SSpaceX.app/$(BUNDLE_EXECUTABLE_FOLDER_PATH)/SSpaceX";
			};
			name = Debug;
		};
		CD81758C2A4AC2530023EA94 /* Release */ = {
			isa = XCBuildConfiguration;
			buildSettings = {
				ALWAYS_EMBED_SWIFT_STANDARD_LIBRARIES = YES;
				BUNDLE_LOADER = "$(TEST_HOST)";
				CODE_SIGN_STYLE = Automatic;
				CURRENT_PROJECT_VERSION = 1;
				GENERATE_INFOPLIST_FILE = YES;
				IPHONEOS_DEPLOYMENT_TARGET = 16.2;
				MARKETING_VERSION = 1.0;
				PRODUCT_BUNDLE_IDENTIFIER = spaceX.SSpaceXTests;
				PRODUCT_NAME = "$(TARGET_NAME)";
				SWIFT_EMIT_LOC_STRINGS = NO;
				SWIFT_VERSION = 5.0;
				TARGETED_DEVICE_FAMILY = "1,2";
				TEST_HOST = "$(BUILT_PRODUCTS_DIR)/SSpaceX.app/$(BUNDLE_EXECUTABLE_FOLDER_PATH)/SSpaceX";
			};
			name = Release;
		};
		CD81758E2A4AC2530023EA94 /* Debug */ = {
			isa = XCBuildConfiguration;
			buildSettings = {
				ALWAYS_EMBED_SWIFT_STANDARD_LIBRARIES = YES;
				CODE_SIGN_STYLE = Automatic;
				CURRENT_PROJECT_VERSION = 1;
				GENERATE_INFOPLIST_FILE = YES;
				MARKETING_VERSION = 1.0;
				PRODUCT_BUNDLE_IDENTIFIER = spaceX.SSpaceXUITests;
				PRODUCT_NAME = "$(TARGET_NAME)";
				SWIFT_EMIT_LOC_STRINGS = NO;
				SWIFT_VERSION = 5.0;
				TARGETED_DEVICE_FAMILY = "1,2";
				TEST_TARGET_NAME = SSpaceX;
			};
			name = Debug;
		};
		CD81758F2A4AC2530023EA94 /* Release */ = {
			isa = XCBuildConfiguration;
			buildSettings = {
				ALWAYS_EMBED_SWIFT_STANDARD_LIBRARIES = YES;
				CODE_SIGN_STYLE = Automatic;
				CURRENT_PROJECT_VERSION = 1;
				GENERATE_INFOPLIST_FILE = YES;
				MARKETING_VERSION = 1.0;
				PRODUCT_BUNDLE_IDENTIFIER = spaceX.SSpaceXUITests;
				PRODUCT_NAME = "$(TARGET_NAME)";
				SWIFT_EMIT_LOC_STRINGS = NO;
				SWIFT_VERSION = 5.0;
				TARGETED_DEVICE_FAMILY = "1,2";
				TEST_TARGET_NAME = SSpaceX;
			};
			name = Release;
		};
/* End XCBuildConfiguration section */

/* Begin XCConfigurationList section */
		CD8175552A4AC2500023EA94 /* Build configuration list for PBXProject "SSpaceX" */ = {
			isa = XCConfigurationList;
			buildConfigurations = (
				CD8175852A4AC2530023EA94 /* Debug */,
				CD8175862A4AC2530023EA94 /* Release */,
			);
			defaultConfigurationIsVisible = 0;
			defaultConfigurationName = Release;
		};
		CD8175872A4AC2530023EA94 /* Build configuration list for PBXNativeTarget "SSpaceX" */ = {
			isa = XCConfigurationList;
			buildConfigurations = (
				CD8175882A4AC2530023EA94 /* Debug */,
				CD8175892A4AC2530023EA94 /* Release */,
			);
			defaultConfigurationIsVisible = 0;
			defaultConfigurationName = Release;
		};
		CD81758A2A4AC2530023EA94 /* Build configuration list for PBXNativeTarget "SSpaceXTests" */ = {
			isa = XCConfigurationList;
			buildConfigurations = (
				CD81758B2A4AC2530023EA94 /* Debug */,
				CD81758C2A4AC2530023EA94 /* Release */,
			);
			defaultConfigurationIsVisible = 0;
			defaultConfigurationName = Release;
		};
		CD81758D2A4AC2530023EA94 /* Build configuration list for PBXNativeTarget "SSpaceXUITests" */ = {
			isa = XCConfigurationList;
			buildConfigurations = (
				CD81758E2A4AC2530023EA94 /* Debug */,
				CD81758F2A4AC2530023EA94 /* Release */,
			);
			defaultConfigurationIsVisible = 0;
			defaultConfigurationName = Release;
		};
/* End XCConfigurationList section */

/* Begin XCVersionGroup section */
		CD8175662A4AC2500023EA94 /* SSpaceX.xcdatamodeld */ = {
			isa = XCVersionGroup;
			children = (
				CD8175672A4AC2500023EA94 /* SSpaceX.xcdatamodel */,
			);
			currentVersion = CD8175672A4AC2500023EA94 /* SSpaceX.xcdatamodel */;
			path = SSpaceX.xcdatamodeld;
			sourceTree = "<group>";
			versionGroupType = wrapper.xcdatamodel;
		};
/* End XCVersionGroup section */
	};
	rootObject = CD8175522A4AC2500023EA94 /* Project object */;
}
